
Microsoft Visual Studio Solution File, Format Version 12.00
# Visual Studio Version 16
VisualStudioVersion = 16.0.31515.178
MinimumVisualStudioVersion = 10.0.40219.1
Project("{FAE04EC0-301F-11D3-BF4B-00C04F79EFBC}") = "Ex_2", "Ex_2.csproj", "{B735040B-937B-43E4-A55E-87B495111A57}"
EndProject
Global
	GlobalSection(SolutionConfigurationPlatforms) = preSolution
		Debug|Any CPU = Debug|Any CPU
		Release|Any CPU = Release|Any CPU
	EndGlobalSection
	GlobalSection(ProjectConfigurationPlatforms) = postSolution
		{B735040B-937B-43E4-A55E-87B495111A57}.Debug|Any CPU.ActiveCfg = Debug|Any CPU
		{B735040B-937B-43E4-A55E-87B495111A57}.Debug|Any CPU.Build.0 = Debug|Any CPU
		{B735040B-937B-43E4-A55E-87B495111A57}.Release|Any CPU.ActiveCfg = Release|Any CPU
		{B735040B-937B-43E4-A55E-87B495111A57}.Release|Any CPU.Build.0 = Release|Any CPU
	EndGlobalSection
	GlobalSection(SolutionProperties) = preSolution
		HideSolutionNode = FALSE
	EndGlobalSection
	GlobalSection(ExtensibilityGlobals) = postSolution
		SolutionGuid = {21C92A3C-2013-4B44-AB8D-4C25DBB69A49}
	EndGlobalSection
EndGlobal
